// !$*UTF8*$!
{
	archiveVersion = 1;
	classes = {
	};
	objectVersion = 77;
	objects = {

/* Begin PBXBuildFile section */
		0C02C0BD641A81D87ED0BD58 /* ScriptoriumBibleStudioApp.swift in Sources */ = {isa = PBXBuildFile; fileRef = 362D4193C9B3F9527563F5F3 /* ScriptoriumBibleStudioApp.swift */; };
		13F89478657A792D32DA14DC /* ScriptoriumModel.swift in Sources */ = {isa = PBXBuildFile; fileRef = E23A23705598F487E4EC5967 /* ScriptoriumModel.swift */; };
		1A00863A523A584700A21587 /* ScriptoriumActions.swift in Sources */ = {isa = PBXBuildFile; fileRef = 3C7D6D095E211BAD7BA04B32 /* ScriptoriumActions.swift */; };
		1BDA1F09CD8993AFA215F7C4 /* Cinzel[wght].ttf in Resources */ = {isa = PBXBuildFile; fileRef = AC5F070374F5563B9429A4BD /* Cinzel[wght].ttf */; };
		25845762638A8949676929DD /* ManagedObjects.swift in Sources */ = {isa = PBXBuildFile; fileRef = 93AB303903D754DAE0AB6BCF /* ManagedObjects.swift */; };
		2C7470B2D5F685010B7F2388 /* SpeechReader.swift in Sources */ = {isa = PBXBuildFile; fileRef = 25E339783EDC216C3EF563DC /* SpeechReader.swift */; };
		35B3F15E00E7D64461B0F5E8 /* CormorantGaramond[wght].ttf in Resources */ = {isa = PBXBuildFile; fileRef = AB4114239F40AB7730CCF209 /* CormorantGaramond[wght].ttf */; };
		36AAF235953E15405EC2E4EC /* DashboardView.swift in Sources */ = {isa = PBXBuildFile; fileRef = BA013D31A3FC37549EA7DF5B /* DashboardView.swift */; };
		42F0D425FC2A7B17E9251426 /* LibraryView.swift in Sources */ = {isa = PBXBuildFile; fileRef = 7EC8351D4984FDAFDDE07BAB /* LibraryView.swift */; };
		473B1C837B60F826DC3F21C9 /* ParchmentBackground.swift in Sources */ = {isa = PBXBuildFile; fileRef = 14FA2DE17CB594F474B51967 /* ParchmentBackground.swift */; };
		6994293666A6F15E88F8AD90 /* SearchView.swift in Sources */ = {isa = PBXBuildFile; fileRef = 480EFA3B13074F4E58E7622D /* SearchView.swift */; };
		6B8D8B256E45B5891968B969 /* SBTheme.swift in Sources */ = {isa = PBXBuildFile; fileRef = F9C7FD7D95CD308C81CCBC28 /* SBTheme.swift */; };
		6EA0A333D609E85052867E6F /* Inter-Italic[opsz,wght].ttf in Resources */ = {isa = PBXBuildFile; fileRef = 9B8956253211B1D38AE93072 /* Inter-Italic[opsz,wght].ttf */; };
		71EE85226354DE4C49C0803E /* ScriptoriumSeed.swift in Sources */ = {isa = PBXBuildFile; fileRef = A8BDDEB31F88AAB8F1EE81A6 /* ScriptoriumSeed.swift */; };
		7EA1785B9EC0FF2A77FEAA0C /* InspectorView.swift in Sources */ = {isa = PBXBuildFile; fileRef = 2A1AE29B77EDC9878AA31E58 /* InspectorView.swift */; };
		889876602363B2D60EBBAD8B /* CormorantGaramond-Italic[wght].ttf in Resources */ = {isa = PBXBuildFile; fileRef = F6015D1B6459A497A97985FB /* CormorantGaramond-Italic[wght].ttf */; };
		898F042C9638EA7FD14072C7 /* EditorView.swift in Sources */ = {isa = PBXBuildFile; fileRef = 633987DEE394A70053972AA1 /* EditorView.swift */; };
		9379026212D6D4C814AF4ED3 /* PersistenceController.swift in Sources */ = {isa = PBXBuildFile; fileRef = 35E25836BC0938F31001C841 /* PersistenceController.swift */; };
		93E67B988D5FA6F796399927 /* RichTextEditor.swift in Sources */ = {isa = PBXBuildFile; fileRef = B53F82D5619EB7D2E4F4ECDE /* RichTextEditor.swift */; };
		9C5B81B64BB91793B9164F3A /* AttributedContent.swift in Sources */ = {isa = PBXBuildFile; fileRef = 453DAB690D24002C7F34E128 /* AttributedContent.swift */; };
		A28C6AFF1D024BED2CDF2213 /* SettingsView.swift in Sources */ = {isa = PBXBuildFile; fileRef = C67E3CC01DFFDC248EA904EE /* SettingsView.swift */; };
		A8CBA317B6468782834499A0 /* SidebarView.swift in Sources */ = {isa = PBXBuildFile; fileRef = 3D30591556224238BCA38AC5 /* SidebarView.swift */; };
		B08EDE4A68C7509A062BED54 /* Components.swift in Sources */ = {isa = PBXBuildFile; fileRef = C444E03AF200A63010D4DAEF /* Components.swift */; };
		B6355293D8891CFC84457DBA /* ScriptoriumTypes.swift in Sources */ = {isa = PBXBuildFile; fileRef = EFDCDE01F96B1900B3A2F05A /* ScriptoriumTypes.swift */; };
		BBC1EE8AF890FE2FFA5CA3CD /* ExportService.swift in Sources */ = {isa = PBXBuildFile; fileRef = 573AF1405BE89033D37F35C0 /* ExportService.swift */; };
		C390B00309234E909FD4AC6E /* BackupService.swift in Sources */ = {isa = PBXBuildFile; fileRef = DE889EAF2830E0950166BC5B /* BackupService.swift */; };
		C39F3A36069F1481036D9E64 /* Inter[opsz,wght].ttf in Resources */ = {isa = PBXBuildFile; fileRef = 56D0B11EF51FF68C3DDCB26C /* Inter[opsz,wght].ttf */; };
		D8D0D5F38E001DA7D4BD470A /* StudioView.swift in Sources */ = {isa = PBXBuildFile; fileRef = F82D18B3ECDAE63B8AF5E623 /* StudioView.swift */; };
		F3B7610710DC32F06874BBB6 /* ActivityView.swift in Sources */ = {isa = PBXBuildFile; fileRef = D260235E407E721E7DDBF35A /* ActivityView.swift */; };
/* End PBXBuildFile section */

/* Begin PBXFileReference section */
		14FA2DE17CB594F474B51967 /* ParchmentBackground.swift */ = {isa = PBXFileReference; lastKnownFileType = sourcecode.swift; path = ParchmentBackground.swift; sourceTree = "<group>"; };
		25E339783EDC216C3EF563DC /* SpeechReader.swift */ = {isa = PBXFileReference; lastKnownFileType = sourcecode.swift; path = SpeechReader.swift; sourceTree = "<group>"; };
		2A1AE29B77EDC9878AA31E58 /* InspectorView.swift */ = {isa = PBXFileReference; lastKnownFileType = sourcecode.swift; path = InspectorView.swift; sourceTree = "<group>"; };
		35E25836BC0938F31001C841 /* PersistenceController.swift */ = {isa = PBXFileReference; lastKnownFileType = sourcecode.swift; path = PersistenceController.swift; sourceTree = "<group>"; };
		362D4193C9B3F9527563F5F3 /* ScriptoriumBibleStudioApp.swift */ = {isa = PBXFileReference; lastKnownFileType = sourcecode.swift; path = ScriptoriumBibleStudioApp.swift; sourceTree = "<group>"; };
		3C7D6D095E211BAD7BA04B32 /* ScriptoriumActions.swift */ = {isa = PBXFileReference; lastKnownFileType = sourcecode.swift; path = ScriptoriumActions.swift; sourceTree = "<group>"; };
		3D30591556224238BCA38AC5 /* SidebarView.swift */ = {isa = PBXFileReference; lastKnownFileType = sourcecode.swift; path = SidebarView.swift; sourceTree = "<group>"; };
		453DAB690D24002C7F34E128 /* AttributedContent.swift */ = {isa = PBXFileReference; lastKnownFileType = sourcecode.swift; path = AttributedContent.swift; sourceTree = "<group>"; };
		480EFA3B13074F4E58E7622D /* SearchView.swift */ = {isa = PBXFileReference; lastKnownFileType = sourcecode.swift; path = SearchView.swift; sourceTree = "<group>"; };
		56D0B11EF51FF68C3DDCB26C /* Inter[opsz,wght].ttf */ = {isa = PBXFileReference; lastKnownFileType = file; path = "Inter[opsz,wght].ttf"; sourceTree = "<group>"; };
		573AF1405BE89033D37F35C0 /* ExportService.swift */ = {isa = PBXFileReference; lastKnownFileType = sourcecode.swift; path = ExportService.swift; sourceTree = "<group>"; };
		633987DEE394A70053972AA1 /* EditorView.swift */ = {isa = PBXFileReference; lastKnownFileType = sourcecode.swift; path = EditorView.swift; sourceTree = "<group>"; };
		7EC8351D4984FDAFDDE07BAB /* LibraryView.swift */ = {isa = PBXFileReference; lastKnownFileType = sourcecode.swift; path = LibraryView.swift; sourceTree = "<group>"; };
		93AB303903D754DAE0AB6BCF /* ManagedObjects.swift */ = {isa = PBXFileReference; lastKnownFileType = sourcecode.swift; path = ManagedObjects.swift; sourceTree = "<group>"; };
		9B8956253211B1D38AE93072 /* Inter-Italic[opsz,wght].ttf */ = {isa = PBXFileReference; lastKnownFileType = file; path = "Inter-Italic[opsz,wght].ttf"; sourceTree = "<group>"; };
		A8BDDEB31F88AAB8F1EE81A6 /* ScriptoriumSeed.swift */ = {isa = PBXFileReference; lastKnownFileType = sourcecode.swift; path = ScriptoriumSeed.swift; sourceTree = "<group>"; };
		AB4114239F40AB7730CCF209 /* CormorantGaramond[wght].ttf */ = {isa = PBXFileReference; lastKnownFileType = file; path = "CormorantGaramond[wght].ttf"; sourceTree = "<group>"; };
		AC5F070374F5563B9429A4BD /* Cinzel[wght].ttf */ = {isa = PBXFileReference; lastKnownFileType = file; path = "Cinzel[wght].ttf"; sourceTree = "<group>"; };
		AF632FA682F78F9DDA4EED2F /* Scriptorium.app */ = {isa = PBXFileReference; explicitFileType = wrapper.application; includeInIndex = 0; path = Scriptorium.app; sourceTree = BUILT_PRODUCTS_DIR; };
		B53F82D5619EB7D2E4F4ECDE /* RichTextEditor.swift */ = {isa = PBXFileReference; lastKnownFileType = sourcecode.swift; path = RichTextEditor.swift; sourceTree = "<group>"; };
		BA013D31A3FC37549EA7DF5B /* DashboardView.swift */ = {isa = PBXFileReference; lastKnownFileType = sourcecode.swift; path = DashboardView.swift; sourceTree = "<group>"; };
		C444E03AF200A63010D4DAEF /* Components.swift */ = {isa = PBXFileReference; lastKnownFileType = sourcecode.swift; path = Components.swift; sourceTree = "<group>"; };
		C67E3CC01DFFDC248EA904EE /* SettingsView.swift */ = {isa = PBXFileReference; lastKnownFileType = sourcecode.swift; path = SettingsView.swift; sourceTree = "<group>"; };
		D260235E407E721E7DDBF35A /* ActivityView.swift */ = {isa = PBXFileReference; lastKnownFileType = sourcecode.swift; path = ActivityView.swift; sourceTree = "<group>"; };
		DE889EAF2830E0950166BC5B /* BackupService.swift */ = {isa = PBXFileReference; lastKnownFileType = sourcecode.swift; path = BackupService.swift; sourceTree = "<group>"; };
		E23A23705598F487E4EC5967 /* ScriptoriumModel.swift */ = {isa = PBXFileReference; lastKnownFileType = sourcecode.swift; path = ScriptoriumModel.swift; sourceTree = "<group>"; };
		E32377584187D8BEE2966EDC /* Info.plist */ = {isa = PBXFileReference; lastKnownFileType = text.plist; path = Info.plist; sourceTree = "<group>"; };
		EFDCDE01F96B1900B3A2F05A /* ScriptoriumTypes.swift */ = {isa = PBXFileReference; lastKnownFileType = sourcecode.swift; path = ScriptoriumTypes.swift; sourceTree = "<group>"; };
		F6015D1B6459A497A97985FB /* CormorantGaramond-Italic[wght].ttf */ = {isa = PBXFileReference; lastKnownFileType = file; path = "CormorantGaramond-Italic[wght].ttf"; sourceTree = "<group>"; };
		F82D18B3ECDAE63B8AF5E623 /* StudioView.swift */ = {isa = PBXFileReference; lastKnownFileType = sourcecode.swift; path = StudioView.swift; sourceTree = "<group>"; };
		F9C7FD7D95CD308C81CCBC28 /* SBTheme.swift */ = {isa = PBXFileReference; lastKnownFileType = sourcecode.swift; path = SBTheme.swift; sourceTree = "<group>"; };
/* End PBXFileReference section */

/* Begin PBXGroup section */
		1796ABC79E6378AE76416D93 /* ScriptoriumBibleStudio */ = {
			isa = PBXGroup;
			children = (
				D55977B1001412492937551E /* App */,
				8DBEB0ED3A9CFEA9AE1092FE /* CoreData */,
				F38AF715B0F53486988F06EE /* Editor */,
				CB31A4D1CC044DA0034F7516 /* Models */,
				79D53F1AB9DFC88113AF9EA8 /* Resources */,
				395379E4491A395E3178E93D /* Services */,
				30BB67951B39BA597A96C06A /* Support */,
				36A510FC8A77A8EB130A3BC2 /* Theme */,
				C95876A8DBA1322C052D72F1 /* Views */,
			);
			path = ScriptoriumBibleStudio;
			sourceTree = "<group>";
		};
		212D9FF8849D872FF9593B18 = {
			isa = PBXGroup;
			children = (
				1796ABC79E6378AE76416D93 /* ScriptoriumBibleStudio */,
				E4F1FCC1AF40447A8B6B8E65 /* Products */,
			);
			sourceTree = "<group>";
		};
		30BB67951B39BA597A96C06A /* Support */ = {
			isa = PBXGroup;
			children = (
				D260235E407E721E7DDBF35A /* ActivityView.swift */,
				E32377584187D8BEE2966EDC /* Info.plist */,
			);
			path = Support;
			sourceTree = "<group>";
		};
		36A510FC8A77A8EB130A3BC2 /* Theme */ = {
			isa = PBXGroup;
			children = (
				14FA2DE17CB594F474B51967 /* ParchmentBackground.swift */,
				F9C7FD7D95CD308C81CCBC28 /* SBTheme.swift */,
			);
			path = Theme;
			sourceTree = "<group>";
		};
		395379E4491A395E3178E93D /* Services */ = {
			isa = PBXGroup;
			children = (
				453DAB690D24002C7F34E128 /* AttributedContent.swift */,
				DE889EAF2830E0950166BC5B /* BackupService.swift */,
				573AF1405BE89033D37F35C0 /* ExportService.swift */,
				3C7D6D095E211BAD7BA04B32 /* ScriptoriumActions.swift */,
				25E339783EDC216C3EF563DC /* SpeechReader.swift */,
			);
			path = Services;
			sourceTree = "<group>";
		};
		79D53F1AB9DFC88113AF9EA8 /* Resources */ = {
			isa = PBXGroup;
			children = (
				FD3E1978B4EC8B0976C6A5F8 /* Fonts */,
			);
			path = Resources;
			sourceTree = "<group>";
		};
		8DBEB0ED3A9CFEA9AE1092FE /* CoreData */ = {
			isa = PBXGroup;
			children = (
				93AB303903D754DAE0AB6BCF /* ManagedObjects.swift */,
				35E25836BC0938F31001C841 /* PersistenceController.swift */,
				E23A23705598F487E4EC5967 /* ScriptoriumModel.swift */,
				A8BDDEB31F88AAB8F1EE81A6 /* ScriptoriumSeed.swift */,
			);
			path = CoreData;
			sourceTree = "<group>";
		};
		C95876A8DBA1322C052D72F1 /* Views */ = {
			isa = PBXGroup;
			children = (
				C444E03AF200A63010D4DAEF /* Components.swift */,
				BA013D31A3FC37549EA7DF5B /* DashboardView.swift */,
				633987DEE394A70053972AA1 /* EditorView.swift */,
				2A1AE29B77EDC9878AA31E58 /* InspectorView.swift */,
				7EC8351D4984FDAFDDE07BAB /* LibraryView.swift */,
				480EFA3B13074F4E58E7622D /* SearchView.swift */,
				C67E3CC01DFFDC248EA904EE /* SettingsView.swift */,
				3D30591556224238BCA38AC5 /* SidebarView.swift */,
				F82D18B3ECDAE63B8AF5E623 /* StudioView.swift */,
			);
			path = Views;
			sourceTree = "<group>";
		};
		CB31A4D1CC044DA0034F7516 /* Models */ = {
			isa = PBXGroup;
			children = (
				EFDCDE01F96B1900B3A2F05A /* ScriptoriumTypes.swift */,
			);
			path = Models;
			sourceTree = "<group>";
		};
		D55977B1001412492937551E /* App */ = {
			isa = PBXGroup;
			children = (
				362D4193C9B3F9527563F5F3 /* ScriptoriumBibleStudioApp.swift */,
			);
			path = App;
			sourceTree = "<group>";
		};
		E4F1FCC1AF40447A8B6B8E65 /* Products */ = {
			isa = PBXGroup;
			children = (
				AF632FA682F78F9DDA4EED2F /* Scriptorium.app */,
			);
			name = Products;
			sourceTree = "<group>";
		};
		F38AF715B0F53486988F06EE /* Editor */ = {
			isa = PBXGroup;
			children = (
				B53F82D5619EB7D2E4F4ECDE /* RichTextEditor.swift */,
			);
			path = Editor;
			sourceTree = "<group>";
		};
		FD3E1978B4EC8B0976C6A5F8 /* Fonts */ = {
			isa = PBXGroup;
			children = (
				AC5F070374F5563B9429A4BD /* Cinzel[wght].ttf */,
				F6015D1B6459A497A97985FB /* CormorantGaramond-Italic[wght].ttf */,
				AB4114239F40AB7730CCF209 /* CormorantGaramond[wght].ttf */,
				9B8956253211B1D38AE93072 /* Inter-Italic[opsz,wght].ttf */,
				56D0B11EF51FF68C3DDCB26C /* Inter[opsz,wght].ttf */,
			);
			path = Fonts;
			sourceTree = "<group>";
		};
/* End PBXGroup section */

/* Begin PBXNativeTarget section */
		31F20632231C4707DA2D86B7 /* ScriptoriumBibleStudio */ = {
			isa = PBXNativeTarget;
			buildConfigurationList = D366B126AE2ED851EB2C5BF1 /* Build configuration list for PBXNativeTarget "ScriptoriumBibleStudio" */;
			buildPhases = (
				85B1FBA9227037FD931AD2B9 /* Sources */,
				27FED39E6A7B89096E0221FE /* Resources */,
			);
			buildRules = (
			);
			dependencies = (
			);
			name = ScriptoriumBibleStudio;
			packageProductDependencies = (
			);
			productName = ScriptoriumBibleStudio;
			productReference = AF632FA682F78F9DDA4EED2F /* Scriptorium.app */;
			productType = "com.apple.product-type.application";
		};
/* End PBXNativeTarget section */

/* Begin PBXProject section */
		6EB0B62DF717535EB9444007 /* Project object */ = {
			isa = PBXProject;
			attributes = {
				BuildIndependentTargetsInParallel = YES;
				LastUpgradeCheck = 1430;
			};
			buildConfigurationList = 01BC70A4DFB4101A32A6D810 /* Build configuration list for PBXProject "ScriptoriumBibleStudio" */;
			developmentRegion = en;
			hasScannedForEncodings = 0;
			knownRegions = (
				Base,
				en,
			);
			mainGroup = 212D9FF8849D872FF9593B18;
			minimizedProjectReferenceProxies = 1;
			preferredProjectObjectVersion = 77;
			productRefGroup = E4F1FCC1AF40447A8B6B8E65 /* Products */;
			projectDirPath = "";
			projectRoot = "";
			targets = (
				31F20632231C4707DA2D86B7 /* ScriptoriumBibleStudio */,
			);
		};
/* End PBXProject section */

/* Begin PBXResourcesBuildPhase section */
		27FED39E6A7B89096E0221FE /* Resources */ = {
			isa = PBXResourcesBuildPhase;
			buildActionMask = 2147483647;
			files = (
				1BDA1F09CD8993AFA215F7C4 /* Cinzel[wght].ttf in Resources */,
				889876602363B2D60EBBAD8B /* CormorantGaramond-Italic[wght].ttf in Resources */,
				35B3F15E00E7D64461B0F5E8 /* CormorantGaramond[wght].ttf in Resources */,
				6EA0A333D609E85052867E6F /* Inter-Italic[opsz,wght].ttf in Resources */,
				C39F3A36069F1481036D9E64 /* Inter[opsz,wght].ttf in Resources */,
			);
			runOnlyForDeploymentPostprocessing = 0;
		};
/* End PBXResourcesBuildPhase section */

/* Begin PBXSourcesBuildPhase section */
		85B1FBA9227037FD931AD2B9 /* Sources */ = {
			isa = PBXSourcesBuildPhase;
			buildActionMask = 2147483647;
			files = (
				F3B7610710DC32F06874BBB6 /* ActivityView.swift in Sources */,
				9C5B81B64BB91793B9164F3A /* AttributedContent.swift in Sources */,
				C390B00309234E909FD4AC6E /* BackupService.swift in Sources */,
				B08EDE4A68C7509A062BED54 /* Components.swift in Sources */,
				36AAF235953E15405EC2E4EC /* DashboardView.swift in Sources */,
				898F042C9638EA7FD14072C7 /* EditorView.swift in Sources */,
				BBC1EE8AF890FE2FFA5CA3CD /* ExportService.swift in Sources */,
				7EA1785B9EC0FF2A77FEAA0C /* InspectorView.swift in Sources */,
				42F0D425FC2A7B17E9251426 /* LibraryView.swift in Sources */,
				25845762638A8949676929DD /* ManagedObjects.swift in Sources */,
				473B1C837B60F826DC3F21C9 /* ParchmentBackground.swift in Sources */,
				9379026212D6D4C814AF4ED3 /* PersistenceController.swift in Sources */,
				93E67B988D5FA6F796399927 /* RichTextEditor.swift in Sources */,
				6B8D8B256E45B5891968B969 /* SBTheme.swift in Sources */,
				1A00863A523A584700A21587 /* ScriptoriumActions.swift in Sources */,
				0C02C0BD641A81D87ED0BD58 /* ScriptoriumBibleStudioApp.swift in Sources */,
				13F89478657A792D32DA14DC /* ScriptoriumModel.swift in Sources */,
				71EE85226354DE4C49C0803E /* ScriptoriumSeed.swift in Sources */,
				B6355293D8891CFC84457DBA /* ScriptoriumTypes.swift in Sources */,
				6994293666A6F15E88F8AD90 /* SearchView.swift in Sources */,
				A28C6AFF1D024BED2CDF2213 /* SettingsView.swift in Sources */,
				A8CBA317B6468782834499A0 /* SidebarView.swift in Sources */,
				2C7470B2D5F685010B7F2388 /* SpeechReader.swift in Sources */,
				D8D0D5F38E001DA7D4BD470A /* StudioView.swift in Sources */,
			);
			runOnlyForDeploymentPostprocessing = 0;
		};
/* End PBXSourcesBuildPhase section */

/* Begin XCBuildConfiguration section */
		39E1B55724F4FCE64A4BF95E /* Release */ = {
			isa = XCBuildConfiguration;
			buildSettings = {
				ALWAYS_SEARCH_USER_PATHS = NO;
				CLANG_ANALYZER_NONNULL = YES;
				CLANG_ANALYZER_NUMBER_OBJECT_CONVERSION = YES_AGGRESSIVE;
				CLANG_CXX_LANGUAGE_STANDARD = "gnu++14";
				CLANG_CXX_LIBRARY = "libc++";
				CLANG_ENABLE_MODULES = YES;
				CLANG_ENABLE_OBJC_ARC = YES;
				CLANG_ENABLE_OBJC_WEAK = YES;
				CLANG_WARN_BLOCK_CAPTURE_AUTORELEASING = YES;
				CLANG_WARN_BOOL_CONVERSION = YES;
				CLANG_WARN_COMMA = YES;
				CLANG_WARN_CONSTANT_CONVERSION = YES;
				CLANG_WARN_DEPRECATED_OBJC_IMPLEMENTATIONS = YES;
				CLANG_WARN_DIRECT_OBJC_ISA_USAGE = YES_ERROR;
				CLANG_WARN_DOCUMENTATION_COMMENTS = YES;
				CLANG_WARN_EMPTY_BODY = YES;
				CLANG_WARN_ENUM_CONVERSION = YES;
				CLANG_WARN_INFINITE_RECURSION = YES;
				CLANG_WARN_INT_CONVERSION = YES;
				CLANG_WARN_NON_LITERAL_NULL_CONVERSION = YES;
				CLANG_WARN_OBJC_IMPLICIT_RETAIN_SELF = YES;
				CLANG_WARN_OBJC_LITERAL_CONVERSION = YES;
				CLANG_WARN_OBJC_ROOT_CLASS = YES_ERROR;
				CLANG_WARN_QUOTED_INCLUDE_IN_FRAMEWORK_HEADER = YES;
				CLANG_WARN_RANGE_LOOP_ANALYSIS = YES;
				CLANG_WARN_STRICT_PROTOTYPES = YES;
				CLANG_WARN_SUSPICIOUS_MOVE = YES;
				CLANG_WARN_UNGUARDED_AVAILABILITY = YES_AGGRESSIVE;
				CLANG_WARN_UNREACHABLE_CODE = YES;
				CLANG_WARN__DUPLICATE_METHOD_MATCH = YES;
				COPY_PHASE_STRIP = NO;
				DEBUG_INFORMATION_FORMAT = "dwarf-with-dsym";
				ENABLE_NS_ASSERTIONS = NO;
				ENABLE_STRICT_OBJC_MSGSEND = YES;
				GCC_C_LANGUAGE_STANDARD = gnu11;
				GCC_NO_COMMON_BLOCKS = YES;
				GCC_WARN_64_TO_32_BIT_CONVERSION = YES;
				GCC_WARN_ABOUT_RETURN_TYPE = YES_ERROR;
				GCC_WARN_UNDECLARED_SELECTOR = YES;
				GCC_WARN_UNINITIALIZED_AUTOS = YES_AGGRESSIVE;
				GCC_WARN_UNUSED_FUNCTION = YES;
				GCC_WARN_UNUSED_VARIABLE = YES;
				IPHONEOS_DEPLOYMENT_TARGET = 17.0;
				MTL_ENABLE_DEBUG_INFO = NO;
				MTL_FAST_MATH = YES;
				PRODUCT_NAME = "$(TARGET_NAME)";
				SDKROOT = iphoneos;
				SWIFT_COMPILATION_MODE = wholemodule;
				SWIFT_OPTIMIZATION_LEVEL = "-O";
				SWIFT_VERSION = 5.9;
			};
			name = Release;
		};
		943A480799F95AAC9F20F3FE /* Release */ = {
			isa = XCBuildConfiguration;
			buildSettings = {
				ASSETCATALOG_COMPILER_APPICON_NAME = AppIcon;
				CODE_SIGN_IDENTITY = "iPhone Developer";
				CURRENT_PROJECT_VERSION = 1;
				DEVELOPMENT_TEAM = LUP9S643B8;
				INFOPLIST_FILE = ScriptoriumBibleStudio/Support/Info.plist;
				IPHONEOS_DEPLOYMENT_TARGET = 17.0;
				LD_RUNPATH_SEARCH_PATHS = (
					"$(inherited)",
					"@executable_path/Frameworks",
				);
				MARKETING_VERSION = 1.0;
				PRODUCT_BUNDLE_IDENTIFIER = dev.lafoireprobook.scriptoriumbiblestudio;
				PRODUCT_NAME = Scriptorium;
				SDKROOT = iphoneos;
				TARGETED_DEVICE_FAMILY = "1,2";
			};
			name = Release;
		};
		B7EAEE72028EAD1CB68AEF53 /* Debug */ = {
			isa = XCBuildConfiguration;
			buildSettings = {
				ASSETCATALOG_COMPILER_APPICON_NAME = AppIcon;
				CODE_SIGN_IDENTITY = "iPhone Developer";
				CURRENT_PROJECT_VERSION = 1;
				DEVELOPMENT_TEAM = LUP9S643B8;
				INFOPLIST_FILE = ScriptoriumBibleStudio/Support/Info.plist;
				IPHONEOS_DEPLOYMENT_TARGET = 17.0;
				LD_RUNPATH_SEARCH_PATHS = (
					"$(inherited)",
					"@executable_path/Frameworks",
				);
				MARKETING_VERSION = 1.0;
				PRODUCT_BUNDLE_IDENTIFIER = dev.lafoireprobook.scriptoriumbiblestudio;
				PRODUCT_NAME = Scriptorium;
				SDKROOT = iphoneos;
				TARGETED_DEVICE_FAMILY = "1,2";
			};
			name = Debug;
		};
		FCA009DC709E774680609073 /* Debug */ = {
			isa = XCBuildConfiguration;
			buildSettings = {
				ALWAYS_SEARCH_USER_PATHS = NO;
				CLANG_ANALYZER_NONNULL = YES;
				CLANG_ANALYZER_NUMBER_OBJECT_CONVERSION = YES_AGGRESSIVE;
				CLANG_CXX_LANGUAGE_STANDARD = "gnu++14";
				CLANG_CXX_LIBRARY = "libc++";
				CLANG_ENABLE_MODULES = YES;
				CLANG_ENABLE_OBJC_ARC = YES;
				CLANG_ENABLE_OBJC_WEAK = YES;
				CLANG_WARN_BLOCK_CAPTURE_AUTORELEASING = YES;
				CLANG_WARN_BOOL_CONVERSION = YES;
				CLANG_WARN_COMMA = YES;
				CLANG_WARN_CONSTANT_CONVERSION = YES;
				CLANG_WARN_DEPRECATED_OBJC_IMPLEMENTATIONS = YES;
				CLANG_WARN_DIRECT_OBJC_ISA_USAGE = YES_ERROR;
				CLANG_WARN_DOCUMENTATION_COMMENTS = YES;
				CLANG_WARN_EMPTY_BODY = YES;
				CLANG_WARN_ENUM_CONVERSION = YES;
				CLANG_WARN_INFINITE_RECURSION = YES;
				CLANG_WARN_INT_CONVERSION = YES;
				CLANG_WARN_NON_LITERAL_NULL_CONVERSION = YES;
				CLANG_WARN_OBJC_IMPLICIT_RETAIN_SELF = YES;
				CLANG_WARN_OBJC_LITERAL_CONVERSION = YES;
				CLANG_WARN_OBJC_ROOT_CLASS = YES_ERROR;
				CLANG_WARN_QUOTED_INCLUDE_IN_FRAMEWORK_HEADER = YES;
				CLANG_WARN_RANGE_LOOP_ANALYSIS = YES;
				CLANG_WARN_STRICT_PROTOTYPES = YES;
				CLANG_WARN_SUSPICIOUS_MOVE = YES;
				CLANG_WARN_UNGUARDED_AVAILABILITY = YES_AGGRESSIVE;
				CLANG_WARN_UNREACHABLE_CODE = YES;
				CLANG_WARN__DUPLICATE_METHOD_MATCH = YES;
				COPY_PHASE_STRIP = NO;
				DEBUG_INFORMATION_FORMAT = dwarf;
				ENABLE_STRICT_OBJC_MSGSEND = YES;
				ENABLE_TESTABILITY = YES;
				GCC_C_LANGUAGE_STANDARD = gnu11;
				GCC_DYNAMIC_NO_PIC = NO;
				GCC_NO_COMMON_BLOCKS = YES;
				GCC_OPTIMIZATION_LEVEL = 0;
				GCC_PREPROCESSOR_DEFINITIONS = (
					"$(inherited)",
					"DEBUG=1",
				);
				GCC_WARN_64_TO_32_BIT_CONVERSION = YES;
				GCC_WARN_ABOUT_RETURN_TYPE = YES_ERROR;
				GCC_WARN_UNDECLARED_SELECTOR = YES;
				GCC_WARN_UNINITIALIZED_AUTOS = YES_AGGRESSIVE;
				GCC_WARN_UNUSED_FUNCTION = YES;
				GCC_WARN_UNUSED_VARIABLE = YES;
				IPHONEOS_DEPLOYMENT_TARGET = 17.0;
				MTL_ENABLE_DEBUG_INFO = INCLUDE_SOURCE;
				MTL_FAST_MATH = YES;
				ONLY_ACTIVE_ARCH = YES;
				PRODUCT_NAME = "$(TARGET_NAME)";
				SDKROOT = iphoneos;
				SWIFT_ACTIVE_COMPILATION_CONDITIONS = DEBUG;
				SWIFT_OPTIMIZATION_LEVEL = "-Onone";
				SWIFT_VERSION = 5.9;
			};
			name = Debug;
		};
/* End XCBuildConfiguration section */

/* Begin XCConfigurationList section */
		01BC70A4DFB4101A32A6D810 /* Build configuration list for PBXProject "ScriptoriumBibleStudio" */ = {
			isa = XCConfigurationList;
			buildConfigurations = (
				FCA009DC709E774680609073 /* Debug */,
				39E1B55724F4FCE64A4BF95E /* Release */,
			);
			defaultConfigurationIsVisible = 0;
			defaultConfigurationName = Debug;
		};
		D366B126AE2ED851EB2C5BF1 /* Build configuration list for PBXNativeTarget "ScriptoriumBibleStudio" */ = {
			isa = XCConfigurationList;
			buildConfigurations = (
				B7EAEE72028EAD1CB68AEF53 /* Debug */,
				943A480799F95AAC9F20F3FE /* Release */,
			);
			defaultConfigurationIsVisible = 0;
			defaultConfigurationName = Debug;
		};
/* End XCConfigurationList section */
	};
	rootObject = 6EB0B62DF717535EB9444007 /* Project object */;
}
